
Microsoft Visual Studio Solution File, Format Version 12.00
# Visual Studio 14
VisualStudioVersion = 14.0.25420.1
MinimumVisualStudioVersion = 10.0.40219.1
Project("{FAE04EC0-301F-11D3-BF4B-00C04F79EFBC}") = "CAPSTONE_ASP-CS-WEB", "CAPSTONE_ASP-CS-WEB\CAPSTONE_ASP-CS-WEB.csproj", "{9C92AB0D-682A-4C52-AEA0-A6D2784B9097}"
EndProject
Project("{FAE04EC0-301F-11D3-BF4B-00C04F79EFBC}") = "CAPSTONE_ASP-CS-WEB.Tests", "CAPSTONE_ASP-CS-WEB.Tests\CAPSTONE_ASP-CS-WEB.Tests.csproj", "{A33E92E7-9258-46C4-9ACF-7ADD17BBA93E}"
EndProject
Global
	GlobalSection(SolutionConfigurationPlatforms) = preSolution
		Debug|Any CPU = Debug|Any CPU
		Release|Any CPU = Release|Any CPU
	EndGlobalSection
	GlobalSection(ProjectConfigurationPlatforms) = postSolution
		{9C92AB0D-682A-4C52-AEA0-A6D2784B9097}.Debug|Any CPU.ActiveCfg = Debug|Any CPU
		{9C92AB0D-682A-4C52-AEA0-A6D2784B9097}.Debug|Any CPU.Build.0 = Debug|Any CPU
		{9C92AB0D-682A-4C52-AEA0-A6D2784B9097}.Release|Any CPU.ActiveCfg = Release|Any CPU
		{9C92AB0D-682A-4C52-AEA0-A6D2784B9097}.Release|Any CPU.Build.0 = Release|Any CPU
		{A33E92E7-9258-46C4-9ACF-7ADD17BBA93E}.Debug|Any CPU.ActiveCfg = Debug|Any CPU
		{A33E92E7-9258-46C4-9ACF-7ADD17BBA93E}.Debug|Any CPU.Build.0 = Debug|Any CPU
		{A33E92E7-9258-46C4-9ACF-7ADD17BBA93E}.Release|Any CPU.ActiveCfg = Release|Any CPU
		{A33E92E7-9258-46C4-9ACF-7ADD17BBA93E}.Release|Any CPU.Build.0 = Release|Any CPU
	EndGlobalSection
	GlobalSection(SolutionProperties) = preSolution
		HideSolutionNode = FALSE
	EndGlobalSection
EndGlobal
